
Microsoft Visual Studio Solution File, Format Version 12.00
# Visual Studio Version 17
VisualStudioVersion = 17.1.32421.90
MinimumVisualStudioVersion = 10.0.40219.1
Project("{FAE04EC0-301F-11D3-BF4B-00C04F79EFBC}") = "Homework 1", "Homework 1\Homework 1.csproj", "{A059D9F9-8625-4933-9471-43970B3EC7FD}"
EndProject
Project("{FAE04EC0-301F-11D3-BF4B-00C04F79EFBC}") = "Homework 2", "Homework 2\Homework 2.csproj", "{57287C17-B4C5-446A-B045-B656CC8493E3}"
EndProject
Project("{FAE04EC0-301F-11D3-BF4B-00C04F79EFBC}") = "Homework 3", "Homework 3\Homework 3.csproj", "{35F0B312-0B3C-45DF-AD82-0749A6A7E547}"
EndProject
Project("{FAE04EC0-301F-11D3-BF4B-00C04F79EFBC}") = "Homework 4", "Homework 4\Homework 4.csproj", "{3C854630-4370-465C-8084-B7733A17A2FB}"
EndProject
Project("{FAE04EC0-301F-11D3-BF4B-00C04F79EFBC}") = "Homework 5", "Homework 5\Homework 5.csproj", "{A0AC68D8-5824-481A-8D62-94EF80FA70E4}"
EndProject
Global
	GlobalSection(SolutionConfigurationPlatforms) = preSolution
		Debug|Any CPU = Debug|Any CPU
		Release|Any CPU = Release|Any CPU
	EndGlobalSection
	GlobalSection(ProjectConfigurationPlatforms) = postSolution
		{A059D9F9-8625-4933-9471-43970B3EC7FD}.Debug|Any CPU.ActiveCfg = Debug|Any CPU
		{A059D9F9-8625-4933-9471-43970B3EC7FD}.Debug|Any CPU.Build.0 = Debug|Any CPU
		{A059D9F9-8625-4933-9471-43970B3EC7FD}.Release|Any CPU.ActiveCfg = Release|Any CPU
		{A059D9F9-8625-4933-9471-43970B3EC7FD}.Release|Any CPU.Build.0 = Release|Any CPU
		{57287C17-B4C5-446A-B045-B656CC8493E3}.Debug|Any CPU.ActiveCfg = Debug|Any CPU
		{57287C17-B4C5-446A-B045-B656CC8493E3}.Debug|Any CPU.Build.0 = Debug|Any CPU
		{57287C17-B4C5-446A-B045-B656CC8493E3}.Release|Any CPU.ActiveCfg = Release|Any CPU
		{57287C17-B4C5-446A-B045-B656CC8493E3}.Release|Any CPU.Build.0 = Release|Any CPU
		{35F0B312-0B3C-45DF-AD82-0749A6A7E547}.Debug|Any CPU.ActiveCfg = Debug|Any CPU
		{35F0B312-0B3C-45DF-AD82-0749A6A7E547}.Debug|Any CPU.Build.0 = Debug|Any CPU
		{35F0B312-0B3C-45DF-AD82-0749A6A7E547}.Release|Any CPU.ActiveCfg = Release|Any CPU
		{35F0B312-0B3C-45DF-AD82-0749A6A7E547}.Release|Any CPU.Build.0 = Release|Any CPU
		{3C854630-4370-465C-8084-B7733A17A2FB}.Debug|Any CPU.ActiveCfg = Debug|Any CPU
		{3C854630-4370-465C-8084-B7733A17A2FB}.Debug|Any CPU.Build.0 = Debug|Any CPU
		{3C854630-4370-465C-8084-B7733A17A2FB}.Release|Any CPU.ActiveCfg = Release|Any CPU
		{3C854630-4370-465C-8084-B7733A17A2FB}.Release|Any CPU.Build.0 = Release|Any CPU
		{A0AC68D8-5824-481A-8D62-94EF80FA70E4}.Debug|Any CPU.ActiveCfg = Debug|Any CPU
		{A0AC68D8-5824-481A-8D62-94EF80FA70E4}.Debug|Any CPU.Build.0 = Debug|Any CPU
		{A0AC68D8-5824-481A-8D62-94EF80FA70E4}.Release|Any CPU.ActiveCfg = Release|Any CPU
		{A0AC68D8-5824-481A-8D62-94EF80FA70E4}.Release|Any CPU.Build.0 = Release|Any CPU
	EndGlobalSection
	GlobalSection(SolutionProperties) = preSolution
		HideSolutionNode = FALSE
	EndGlobalSection
	GlobalSection(ExtensibilityGlobals) = postSolution
		SolutionGuid = {8ACF9BFE-417E-41AF-9D4B-4E6C685FB3CB}
	EndGlobalSection
EndGlobal
